
Microsoft Visual Studio Solution File, Format Version 12.00
# Visual Studio Version 16
VisualStudioVersion = 16.0.31702.278
MinimumVisualStudioVersion = 10.0.40219.1
Project("{FAE04EC0-301F-11D3-BF4B-00C04F79EFBC}") = "XamarinForms.Client.Oidc.Android", "XamarinForms.Client.Oidc\XamarinForms.Client.Oidc.Android\XamarinForms.Client.Oidc.Android.csproj", "{DB796477-ACC2-44FA-8371-F5B4FEA46E60}"
EndProject
Project("{FAE04EC0-301F-11D3-BF4B-00C04F79EFBC}") = "XamarinForms.Client.Oidc.iOS", "XamarinForms.Client.Oidc\XamarinForms.Client.Oidc.iOS\XamarinForms.Client.Oidc.iOS.csproj", "{43561103-6666-4A17-8E68-2F0B34DBEE87}"
EndProject
Project("{FAE04EC0-301F-11D3-BF4B-00C04F79EFBC}") = "XamarinForms.Client.Oidc", "XamarinForms.Client.Oidc\XamarinForms.Client.Oidc\XamarinForms.Client.Oidc.csproj", "{0A3E6E88-A931-4058-B332-8C29F2F7393B}"
EndProject
Global
	GlobalSection(SolutionConfigurationPlatforms) = preSolution
		Debug|Any CPU = Debug|Any CPU
		Debug|iPhone = Debug|iPhone
		Debug|iPhoneSimulator = Debug|iPhoneSimulator
		Release|Any CPU = Release|Any CPU
		Release|iPhone = Release|iPhone
		Release|iPhoneSimulator = Release|iPhoneSimulator
	EndGlobalSection
	GlobalSection(ProjectConfigurationPlatforms) = postSolution
		{DB796477-ACC2-44FA-8371-F5B4FEA46E60}.Debug|Any CPU.ActiveCfg = Debug|Any CPU
		{DB796477-ACC2-44FA-8371-F5B4FEA46E60}.Debug|Any CPU.Build.0 = Debug|Any CPU
		{DB796477-ACC2-44FA-8371-F5B4FEA46E60}.Debug|Any CPU.Deploy.0 = Debug|Any CPU
		{DB796477-ACC2-44FA-8371-F5B4FEA46E60}.Debug|iPhone.ActiveCfg = Debug|Any CPU
		{DB796477-ACC2-44FA-8371-F5B4FEA46E60}.Debug|iPhone.Build.0 = Debug|Any CPU
		{DB796477-ACC2-44FA-8371-F5B4FEA46E60}.Debug|iPhone.Deploy.0 = Debug|Any CPU
		{DB796477-ACC2-44FA-8371-F5B4FEA46E60}.Debug|iPhoneSimulator.ActiveCfg = Debug|Any CPU
		{DB796477-ACC2-44FA-8371-F5B4FEA46E60}.Debug|iPhoneSimulator.Build.0 = Debug|Any CPU
		{DB796477-ACC2-44FA-8371-F5B4FEA46E60}.Debug|iPhoneSimulator.Deploy.0 = Debug|Any CPU
		{DB796477-ACC2-44FA-8371-F5B4FEA46E60}.Release|Any CPU.ActiveCfg = Release|Any CPU
		{DB796477-ACC2-44FA-8371-F5B4FEA46E60}.Release|Any CPU.Build.0 = Release|Any CPU
		{DB796477-ACC2-44FA-8371-F5B4FEA46E60}.Release|Any CPU.Deploy.0 = Release|Any CPU
		{DB796477-ACC2-44FA-8371-F5B4FEA46E60}.Release|iPhone.ActiveCfg = Release|Any CPU
		{DB796477-ACC2-44FA-8371-F5B4FEA46E60}.Release|iPhone.Build.0 = Release|Any CPU
		{DB796477-ACC2-44FA-8371-F5B4FEA46E60}.Release|iPhone.Deploy.0 = Release|Any CPU
		{DB796477-ACC2-44FA-8371-F5B4FEA46E60}.Release|iPhoneSimulator.ActiveCfg = Release|Any CPU
		{DB796477-ACC2-44FA-8371-F5B4FEA46E60}.Release|iPhoneSimulator.Build.0 = Release|Any CPU
		{DB796477-ACC2-44FA-8371-F5B4FEA46E60}.Release|iPhoneSimulator.Deploy.0 = Release|Any CPU
		{43561103-6666-4A17-8E68-2F0B34DBEE87}.Debug|Any CPU.ActiveCfg = Debug|iPhone
		{43561103-6666-4A17-8E68-2F0B34DBEE87}.Debug|Any CPU.Build.0 = Debug|iPhone
		{43561103-6666-4A17-8E68-2F0B34DBEE87}.Debug|Any CPU.Deploy.0 = Debug|iPhone
		{43561103-6666-4A17-8E68-2F0B34DBEE87}.Debug|iPhone.ActiveCfg = Debug|iPhone
		{43561103-6666-4A17-8E68-2F0B34DBEE87}.Debug|iPhone.Build.0 = Debug|iPhone
		{43561103-6666-4A17-8E68-2F0B34DBEE87}.Debug|iPhone.Deploy.0 = Debug|iPhone
		{43561103-6666-4A17-8E68-2F0B34DBEE87}.Debug|iPhoneSimulator.ActiveCfg = Debug|iPhoneSimulator
		{43561103-6666-4A17-8E68-2F0B34DBEE87}.Debug|iPhoneSimulator.Build.0 = Debug|iPhoneSimulator
		{43561103-6666-4A17-8E68-2F0B34DBEE87}.Debug|iPhoneSimulator.Deploy.0 = Debug|iPhoneSimulator
		{43561103-6666-4A17-8E68-2F0B34DBEE87}.Release|Any CPU.ActiveCfg = Release|iPhoneSimulator
		{43561103-6666-4A17-8E68-2F0B34DBEE87}.Release|Any CPU.Build.0 = Release|iPhoneSimulator
		{43561103-6666-4A17-8E68-2F0B34DBEE87}.Release|Any CPU.Deploy.0 = Release|iPhoneSimulator
		{43561103-6666-4A17-8E68-2F0B34DBEE87}.Release|iPhone.ActiveCfg = Release|iPhone
		{43561103-6666-4A17-8E68-2F0B34DBEE87}.Release|iPhone.Build.0 = Release|iPhone
		{43561103-6666-4A17-8E68-2F0B34DBEE87}.Release|iPhone.Deploy.0 = Release|iPhone
		{43561103-6666-4A17-8E68-2F0B34DBEE87}.Release|iPhoneSimulator.ActiveCfg = Release|iPhoneSimulator
		{43561103-6666-4A17-8E68-2F0B34DBEE87}.Release|iPhoneSimulator.Build.0 = Release|iPhoneSimulator
		{43561103-6666-4A17-8E68-2F0B34DBEE87}.Release|iPhoneSimulator.Deploy.0 = Release|iPhoneSimulator
		{0A3E6E88-A931-4058-B332-8C29F2F7393B}.Debug|Any CPU.ActiveCfg = Debug|Any CPU
		{0A3E6E88-A931-4058-B332-8C29F2F7393B}.Debug|Any CPU.Build.0 = Debug|Any CPU
		{0A3E6E88-A931-4058-B332-8C29F2F7393B}.Debug|Any CPU.Deploy.0 = Debug|Any CPU
		{0A3E6E88-A931-4058-B332-8C29F2F7393B}.Debug|iPhone.ActiveCfg = Debug|Any CPU
		{0A3E6E88-A931-4058-B332-8C29F2F7393B}.Debug|iPhone.Build.0 = Debug|Any CPU
		{0A3E6E88-A931-4058-B332-8C29F2F7393B}.Debug|iPhone.Deploy.0 = Debug|Any CPU
		{0A3E6E88-A931-4058-B332-8C29F2F7393B}.Debug|iPhoneSimulator.ActiveCfg = Debug|Any CPU
		{0A3E6E88-A931-4058-B332-8C29F2F7393B}.Debug|iPhoneSimulator.Build.0 = Debug|Any CPU
		{0A3E6E88-A931-4058-B332-8C29F2F7393B}.Debug|iPhoneSimulator.Deploy.0 = Debug|Any CPU
		{0A3E6E88-A931-4058-B332-8C29F2F7393B}.Release|Any CPU.ActiveCfg = Release|Any CPU
		{0A3E6E88-A931-4058-B332-8C29F2F7393B}.Release|Any CPU.Build.0 = Release|Any CPU
		{0A3E6E88-A931-4058-B332-8C29F2F7393B}.Release|Any CPU.Deploy.0 = Release|Any CPU
		{0A3E6E88-A931-4058-B332-8C29F2F7393B}.Release|iPhone.ActiveCfg = Release|Any CPU
		{0A3E6E88-A931-4058-B332-8C29F2F7393B}.Release|iPhone.Build.0 = Release|Any CPU
		{0A3E6E88-A931-4058-B332-8C29F2F7393B}.Release|iPhone.Deploy.0 = Release|Any CPU
		{0A3E6E88-A931-4058-B332-8C29F2F7393B}.Release|iPhoneSimulator.ActiveCfg = Release|Any CPU
		{0A3E6E88-A931-4058-B332-8C29F2F7393B}.Release|iPhoneSimulator.Build.0 = Release|Any CPU
		{0A3E6E88-A931-4058-B332-8C29F2F7393B}.Release|iPhoneSimulator.Deploy.0 = Release|Any CPU
	EndGlobalSection
	GlobalSection(SolutionProperties) = preSolution
		HideSolutionNode = FALSE
	EndGlobalSection
	GlobalSection(ExtensibilityGlobals) = postSolution
		SolutionGuid = {D652DC34-90B1-45A5-9379-6D0131ECF0DB}
	EndGlobalSection
EndGlobal
